
Microsoft Visual Studio Solution File, Format Version 12.00
# Visual Studio 2012
# SharpDevelop 5.1
VisualStudioVersion = 14.0.25420.1
MinimumVisualStudioVersion = 10.0.40219.1
Project("{FAE04EC0-301F-11D3-BF4B-00C04F79EFBC}") = "RFiDGear", "RFiDGear\RFiDGear.csproj", "{D49B605A-7B08-4B82-B4D2-7DA7D0236B13}"
EndProject
Project("{CFEE4113-1246-4D54-95CB-156813CB8593}") = "Setup", "Setup\Setup.wixproj", "{856CA06C-0B4C-46C6-AD71-873317F1C763}"
EndProject
Project("{CFEE4113-1246-4D54-95CB-156813CB8593}") = "RFiDGearBundleSetup", "RFiDGearBundleSetup\RFiDGearBundleSetup.wixproj", "{5A7DF993-C696-4958-B7C9-9396122DFF21}"
EndProject
Project("{FAE04EC0-301F-11D3-BF4B-00C04F79EFBC}") = "PluginSystem", "PluginSystem\PluginSystem.csproj", "{E99B606A-25B8-4113-9E75-5016CCFDB410}"
EndProject
Project("{FAE04EC0-301F-11D3-BF4B-00C04F79EFBC}") = "VCNEditor", "VCNEditor\VCNEditor.csproj", "{909DB876-4A74-42AC-BACF-C681017D0C77}"
EndProject
Project("{FAE04EC0-301F-11D3-BF4B-00C04F79EFBC}") = "MVVMDialogs", "MVVMDialogs\MVVMDialogs.csproj", "{0BD61AAA-7545-4566-894A-FA73212BAECB}"
EndProject
Global
	GlobalSection(SolutionConfigurationPlatforms) = preSolution
		Debug|Any CPU = Debug|Any CPU
		Debug|x86 = Debug|x86
		Release|Any CPU = Release|Any CPU
		Release|x86 = Release|x86
	EndGlobalSection
	GlobalSection(ProjectConfigurationPlatforms) = postSolution
		{D49B605A-7B08-4B82-B4D2-7DA7D0236B13}.Debug|Any CPU.ActiveCfg = Debug|Any CPU
		{D49B605A-7B08-4B82-B4D2-7DA7D0236B13}.Debug|Any CPU.Build.0 = Debug|Any CPU
		{D49B605A-7B08-4B82-B4D2-7DA7D0236B13}.Debug|x86.ActiveCfg = Debug|Any CPU
		{D49B605A-7B08-4B82-B4D2-7DA7D0236B13}.Debug|x86.Build.0 = Debug|Any CPU
		{D49B605A-7B08-4B82-B4D2-7DA7D0236B13}.Release|Any CPU.ActiveCfg = Release|Any CPU
		{D49B605A-7B08-4B82-B4D2-7DA7D0236B13}.Release|Any CPU.Build.0 = Release|Any CPU
		{D49B605A-7B08-4B82-B4D2-7DA7D0236B13}.Release|x86.ActiveCfg = Release|Any CPU
		{D49B605A-7B08-4B82-B4D2-7DA7D0236B13}.Release|x86.Build.0 = Release|Any CPU
		{856CA06C-0B4C-46C6-AD71-873317F1C763}.Debug|Any CPU.ActiveCfg = Debug|x86
		{856CA06C-0B4C-46C6-AD71-873317F1C763}.Debug|x86.ActiveCfg = Debug|x86
		{856CA06C-0B4C-46C6-AD71-873317F1C763}.Debug|x86.Build.0 = Debug|x86
		{856CA06C-0B4C-46C6-AD71-873317F1C763}.Release|Any CPU.ActiveCfg = Release|x86
		{856CA06C-0B4C-46C6-AD71-873317F1C763}.Release|x86.ActiveCfg = Release|x86
		{856CA06C-0B4C-46C6-AD71-873317F1C763}.Release|x86.Build.0 = Release|x86
		{5A7DF993-C696-4958-B7C9-9396122DFF21}.Debug|Any CPU.ActiveCfg = Debug|x86
		{5A7DF993-C696-4958-B7C9-9396122DFF21}.Debug|x86.ActiveCfg = Debug|x86
		{5A7DF993-C696-4958-B7C9-9396122DFF21}.Debug|x86.Build.0 = Debug|x86
		{5A7DF993-C696-4958-B7C9-9396122DFF21}.Release|Any CPU.ActiveCfg = Release|x86
		{5A7DF993-C696-4958-B7C9-9396122DFF21}.Release|x86.ActiveCfg = Release|x86
		{5A7DF993-C696-4958-B7C9-9396122DFF21}.Release|x86.Build.0 = Release|x86
		{E99B606A-25B8-4113-9E75-5016CCFDB410}.Debug|Any CPU.ActiveCfg = Debug|Any CPU
		{E99B606A-25B8-4113-9E75-5016CCFDB410}.Debug|Any CPU.Build.0 = Debug|Any CPU
		{E99B606A-25B8-4113-9E75-5016CCFDB410}.Debug|x86.ActiveCfg = Debug|x86
		{E99B606A-25B8-4113-9E75-5016CCFDB410}.Debug|x86.Build.0 = Debug|x86
		{E99B606A-25B8-4113-9E75-5016CCFDB410}.Release|Any CPU.ActiveCfg = Release|Any CPU
		{E99B606A-25B8-4113-9E75-5016CCFDB410}.Release|Any CPU.Build.0 = Release|Any CPU
		{E99B606A-25B8-4113-9E75-5016CCFDB410}.Release|x86.ActiveCfg = Release|x86
		{E99B606A-25B8-4113-9E75-5016CCFDB410}.Release|x86.Build.0 = Release|x86
		{909DB876-4A74-42AC-BACF-C681017D0C77}.Debug|Any CPU.ActiveCfg = Debug|Any CPU
		{909DB876-4A74-42AC-BACF-C681017D0C77}.Debug|Any CPU.Build.0 = Debug|Any CPU
		{909DB876-4A74-42AC-BACF-C681017D0C77}.Debug|x86.ActiveCfg = Debug|x86
		{909DB876-4A74-42AC-BACF-C681017D0C77}.Debug|x86.Build.0 = Debug|x86
		{909DB876-4A74-42AC-BACF-C681017D0C77}.Release|Any CPU.ActiveCfg = Release|Any CPU
		{909DB876-4A74-42AC-BACF-C681017D0C77}.Release|Any CPU.Build.0 = Release|Any CPU
		{909DB876-4A74-42AC-BACF-C681017D0C77}.Release|x86.ActiveCfg = Release|x86
		{909DB876-4A74-42AC-BACF-C681017D0C77}.Release|x86.Build.0 = Release|x86
		{0BD61AAA-7545-4566-894A-FA73212BAECB}.Debug|Any CPU.ActiveCfg = Debug|Any CPU
		{0BD61AAA-7545-4566-894A-FA73212BAECB}.Debug|Any CPU.Build.0 = Debug|Any CPU
		{0BD61AAA-7545-4566-894A-FA73212BAECB}.Debug|x86.ActiveCfg = Debug|x86
		{0BD61AAA-7545-4566-894A-FA73212BAECB}.Debug|x86.Build.0 = Debug|x86
		{0BD61AAA-7545-4566-894A-FA73212BAECB}.Release|Any CPU.ActiveCfg = Release|Any CPU
		{0BD61AAA-7545-4566-894A-FA73212BAECB}.Release|Any CPU.Build.0 = Release|Any CPU
		{0BD61AAA-7545-4566-894A-FA73212BAECB}.Release|x86.ActiveCfg = Release|x86
		{0BD61AAA-7545-4566-894A-FA73212BAECB}.Release|x86.Build.0 = Release|x86
	EndGlobalSection
	GlobalSection(SolutionProperties) = preSolution
		HideSolutionNode = FALSE
	EndGlobalSection
EndGlobal
