
Microsoft Visual Studio Solution File, Format Version 11.00
# Visual Studio 2010
# SharpDevelop 5.1
Project("{CFEE4113-1246-4D54-95CB-156813CB8593}") = "Setup", "Setup.wixproj", "{856CA06C-0B4C-46C6-AD71-873317F1C763}"
EndProject
Global
	GlobalSection(SolutionConfigurationPlatforms) = preSolution
		Debug|Any CPU = Debug|Any CPU
		Release|Any CPU = Release|Any CPU
	EndGlobalSection
	GlobalSection(ProjectConfigurationPlatforms) = postSolution
		{856CA06C-0B4C-46C6-AD71-873317F1C763}.Debug|Any CPU.ActiveCfg = Debug|Any CPU
		{856CA06C-0B4C-46C6-AD71-873317F1C763}.Debug|Any CPU.Build.0 = Debug|Any CPU
		{856CA06C-0B4C-46C6-AD71-873317F1C763}.Release|Any CPU.ActiveCfg = Release|Any CPU
		{856CA06C-0B4C-46C6-AD71-873317F1C763}.Release|Any CPU.Build.0 = Release|Any CPU
	EndGlobalSection
EndGlobal
