
Microsoft Visual Studio Solution File, Format Version 12.00
# Visual Studio 2012
VisualStudioVersion = 12.0.20827.3
MinimumVisualStudioVersion = 10.0.40219.1
Project("{FAE04EC0-301F-11D3-BF4B-00C04F79EFBC}") = "RFiDGear", "RFiDGear.csproj", "{D49B605A-7B08-4B82-B4D2-7DA7D0236B13}"
EndProject
Project("{FAE04EC0-301F-11D3-BF4B-00C04F79EFBC}") = "RFiDGear.Tests", "..\RFiDGear.Tests\RFiDGear.Tests.csproj", "{6378B310-DA86-4837-8ACB-4067B134F82E}"
EndProject
Global
	GlobalSection(SolutionConfigurationPlatforms) = preSolution
		Debug|Any CPU = Debug|Any CPU
		Release|Any CPU = Release|Any CPU
	EndGlobalSection
	GlobalSection(ProjectConfigurationPlatforms) = postSolution
		{D49B605A-7B08-4B82-B4D2-7DA7D0236B13}.Debug|Any CPU.ActiveCfg = Debug|Any CPU
		{D49B605A-7B08-4B82-B4D2-7DA7D0236B13}.Debug|Any CPU.Build.0 = Debug|Any CPU
		{D49B605A-7B08-4B82-B4D2-7DA7D0236B13}.Release|Any CPU.ActiveCfg = Release|Any CPU
		{D49B605A-7B08-4B82-B4D2-7DA7D0236B13}.Release|Any CPU.Build.0 = Release|Any CPU
		{6378B310-DA86-4837-8ACB-4067B134F82E}.Debug|Any CPU.ActiveCfg = Debug|Any CPU
		{6378B310-DA86-4837-8ACB-4067B134F82E}.Debug|Any CPU.Build.0 = Debug|Any CPU
		{6378B310-DA86-4837-8ACB-4067B134F82E}.Release|Any CPU.ActiveCfg = Release|Any CPU
		{6378B310-DA86-4837-8ACB-4067B134F82E}.Release|Any CPU.Build.0 = Release|Any CPU
	EndGlobalSection
EndGlobal
